{
  "name": "project",
  "version": "1.0.0",
  "lockfileVersion": 3,
  "requires": true,
  "packages": {
    "": {
      "dependencies": {
        "@expo-google-fonts/inter": "^0.2.3"
      }
    },
    "node_modules/@expo-google-fonts/inter": {
      "version": "0.2.3",
      "resolved": "https://registry.npmjs.org/@expo-google-fonts/inter/-/inter-0.2.3.tgz",
      "integrity": "sha512-iHK9FI+dnE45X5c2Z5hSFwNH4zUWethizpbv3XUn0FIGw5jwvzriENz0a6wCdkI4/d+1QkurnHo5XHti7TbNJA==",
      "license": "MIT"
    }
  }
}
